
Microsoft Visual Studio Solution File, Format Version 12.00
# Visual Studio Version 17
VisualStudioVersion = 17.14.36429.23 d17.14
MinimumVisualStudioVersion = 10.0.40219.1
Project("{FAE04EC0-301F-11D3-BF4B-00C04F79EFBC}") = "Lecture7", "Lecture7.csproj", "{6268950A-7084-46F1-B8FE-6B1E6FE3D137}"
EndProject
Global
	GlobalSection(SolutionConfigurationPlatforms) = preSolution
		Debug|Any CPU = Debug|Any CPU
		Release|Any CPU = Release|Any CPU
	EndGlobalSection
	GlobalSection(ProjectConfigurationPlatforms) = postSolution
		{6268950A-7084-46F1-B8FE-6B1E6FE3D137}.Debug|Any CPU.ActiveCfg = Debug|Any CPU
		{6268950A-7084-46F1-B8FE-6B1E6FE3D137}.Debug|Any CPU.Build.0 = Debug|Any CPU
		{6268950A-7084-46F1-B8FE-6B1E6FE3D137}.Release|Any CPU.ActiveCfg = Release|Any CPU
		{6268950A-7084-46F1-B8FE-6B1E6FE3D137}.Release|Any CPU.Build.0 = Release|Any CPU
	EndGlobalSection
	GlobalSection(SolutionProperties) = preSolution
		HideSolutionNode = FALSE
	EndGlobalSection
	GlobalSection(ExtensibilityGlobals) = postSolution
		SolutionGuid = {499AA293-0A89-4EFA-B885-63CBB51F6D5B}
	EndGlobalSection
EndGlobal
