
Microsoft Visual Studio Solution File, Format Version 12.00
# Visual Studio Version 17
VisualStudioVersion = 17.14.36429.23
MinimumVisualStudioVersion = 10.0.40219.1
Project("{FAE04EC0-301F-11D3-BF4B-00C04F79EFBC}") = "Lecture18", "Lecture18\Lecture18.csproj", "{AD0C9676-9E70-47E0-BAD4-E19A2BC0F997}"
EndProject
Project("{FAE04EC0-301F-11D3-BF4B-00C04F79EFBC}") = "Lecture18Tests", "Lecture18Tests\Lecture18Tests.csproj", "{C723357B-95C8-480C-BDDF-63763BED8927}"
EndProject
Global
	GlobalSection(SolutionConfigurationPlatforms) = preSolution
		Debug|Any CPU = Debug|Any CPU
		Release|Any CPU = Release|Any CPU
	EndGlobalSection
	GlobalSection(ProjectConfigurationPlatforms) = postSolution
		{AD0C9676-9E70-47E0-BAD4-E19A2BC0F997}.Debug|Any CPU.ActiveCfg = Debug|Any CPU
		{AD0C9676-9E70-47E0-BAD4-E19A2BC0F997}.Debug|Any CPU.Build.0 = Debug|Any CPU
		{AD0C9676-9E70-47E0-BAD4-E19A2BC0F997}.Release|Any CPU.ActiveCfg = Release|Any CPU
		{AD0C9676-9E70-47E0-BAD4-E19A2BC0F997}.Release|Any CPU.Build.0 = Release|Any CPU
		{C723357B-95C8-480C-BDDF-63763BED8927}.Debug|Any CPU.ActiveCfg = Debug|Any CPU
		{C723357B-95C8-480C-BDDF-63763BED8927}.Debug|Any CPU.Build.0 = Debug|Any CPU
		{C723357B-95C8-480C-BDDF-63763BED8927}.Release|Any CPU.ActiveCfg = Release|Any CPU
		{C723357B-95C8-480C-BDDF-63763BED8927}.Release|Any CPU.Build.0 = Release|Any CPU
	EndGlobalSection
	GlobalSection(SolutionProperties) = preSolution
		HideSolutionNode = FALSE
	EndGlobalSection
	GlobalSection(ExtensibilityGlobals) = postSolution
		SolutionGuid = {FA8D574E-D1C5-4F12-B734-A5A9AA32E247}
	EndGlobalSection
EndGlobal
