
Microsoft Visual Studio Solution File, Format Version 12.00
# Visual Studio Version 17
VisualStudioVersion = 17.14.36429.23 d17.14
MinimumVisualStudioVersion = 10.0.40219.1
Project("{FAE04EC0-301F-11D3-BF4B-00C04F79EFBC}") = "Lecture11", "Lecture11\Lecture11.csproj", "{F2FDE056-1256-44BE-8C07-F40152CE1247}"
EndProject
Project("{FAE04EC0-301F-11D3-BF4B-00C04F79EFBC}") = "Lecture11Tests", "Lecture11Tests\Lecture11Tests.csproj", "{B671DBC4-4BEC-4EA0-8981-BD6E23741E1F}"
EndProject
Global
	GlobalSection(SolutionConfigurationPlatforms) = preSolution
		Debug|Any CPU = Debug|Any CPU
		Release|Any CPU = Release|Any CPU
	EndGlobalSection
	GlobalSection(ProjectConfigurationPlatforms) = postSolution
		{F2FDE056-1256-44BE-8C07-F40152CE1247}.Debug|Any CPU.ActiveCfg = Debug|Any CPU
		{F2FDE056-1256-44BE-8C07-F40152CE1247}.Debug|Any CPU.Build.0 = Debug|Any CPU
		{F2FDE056-1256-44BE-8C07-F40152CE1247}.Release|Any CPU.ActiveCfg = Release|Any CPU
		{F2FDE056-1256-44BE-8C07-F40152CE1247}.Release|Any CPU.Build.0 = Release|Any CPU
		{B671DBC4-4BEC-4EA0-8981-BD6E23741E1F}.Debug|Any CPU.ActiveCfg = Debug|Any CPU
		{B671DBC4-4BEC-4EA0-8981-BD6E23741E1F}.Debug|Any CPU.Build.0 = Debug|Any CPU
		{B671DBC4-4BEC-4EA0-8981-BD6E23741E1F}.Release|Any CPU.ActiveCfg = Release|Any CPU
		{B671DBC4-4BEC-4EA0-8981-BD6E23741E1F}.Release|Any CPU.Build.0 = Release|Any CPU
	EndGlobalSection
	GlobalSection(SolutionProperties) = preSolution
		HideSolutionNode = FALSE
	EndGlobalSection
	GlobalSection(ExtensibilityGlobals) = postSolution
		SolutionGuid = {DC030B17-43AB-4EB2-B63D-42AA5690B2ED}
	EndGlobalSection
EndGlobal
