
Microsoft Visual Studio Solution File, Format Version 12.00
# Visual Studio Version 17
VisualStudioVersion = 17.14.36429.23 d17.14
MinimumVisualStudioVersion = 10.0.40219.1
Project("{FAE04EC0-301F-11D3-BF4B-00C04F79EFBC}") = "Lecture6", "Lecture6.csproj", "{45321916-6F02-4B2B-AE00-B562535CE79A}"
EndProject
Global
	GlobalSection(SolutionConfigurationPlatforms) = preSolution
		Debug|Any CPU = Debug|Any CPU
		Release|Any CPU = Release|Any CPU
	EndGlobalSection
	GlobalSection(ProjectConfigurationPlatforms) = postSolution
		{45321916-6F02-4B2B-AE00-B562535CE79A}.Debug|Any CPU.ActiveCfg = Debug|Any CPU
		{45321916-6F02-4B2B-AE00-B562535CE79A}.Debug|Any CPU.Build.0 = Debug|Any CPU
		{45321916-6F02-4B2B-AE00-B562535CE79A}.Release|Any CPU.ActiveCfg = Release|Any CPU
		{45321916-6F02-4B2B-AE00-B562535CE79A}.Release|Any CPU.Build.0 = Release|Any CPU
	EndGlobalSection
	GlobalSection(SolutionProperties) = preSolution
		HideSolutionNode = FALSE
	EndGlobalSection
	GlobalSection(ExtensibilityGlobals) = postSolution
		SolutionGuid = {27696463-41BB-4627-9124-62FFAAAF9B70}
	EndGlobalSection
EndGlobal
