
Microsoft Visual Studio Solution File, Format Version 12.00
# Visual Studio Version 17
VisualStudioVersion = 17.14.36429.23 d17.14
MinimumVisualStudioVersion = 10.0.40219.1
Project("{FAE04EC0-301F-11D3-BF4B-00C04F79EFBC}") = "Lecture10", "Lecture10.csproj", "{4D66A094-F827-4844-8FE3-C5137AEB1D67}"
EndProject
Global
	GlobalSection(SolutionConfigurationPlatforms) = preSolution
		Debug|Any CPU = Debug|Any CPU
		Release|Any CPU = Release|Any CPU
	EndGlobalSection
	GlobalSection(ProjectConfigurationPlatforms) = postSolution
		{4D66A094-F827-4844-8FE3-C5137AEB1D67}.Debug|Any CPU.ActiveCfg = Debug|Any CPU
		{4D66A094-F827-4844-8FE3-C5137AEB1D67}.Debug|Any CPU.Build.0 = Debug|Any CPU
		{4D66A094-F827-4844-8FE3-C5137AEB1D67}.Release|Any CPU.ActiveCfg = Release|Any CPU
		{4D66A094-F827-4844-8FE3-C5137AEB1D67}.Release|Any CPU.Build.0 = Release|Any CPU
	EndGlobalSection
	GlobalSection(SolutionProperties) = preSolution
		HideSolutionNode = FALSE
	EndGlobalSection
	GlobalSection(ExtensibilityGlobals) = postSolution
		SolutionGuid = {829F7155-EFB7-4F8F-B6E8-0E0F2AF31FF7}
	EndGlobalSection
EndGlobal
