
Microsoft Visual Studio Solution File, Format Version 12.00
# Visual Studio Version 17
VisualStudioVersion = 17.14.36429.23 d17.14
MinimumVisualStudioVersion = 10.0.40219.1
Project("{FAE04EC0-301F-11D3-BF4B-00C04F79EFBC}") = "Lecture5ArrayFunctions", "Lecture5ArrayFunctions\Lecture5ArrayFunctions.csproj", "{09A1FB84-76D2-492A-A10B-879D66CC0F3D}"
EndProject
Project("{FAE04EC0-301F-11D3-BF4B-00C04F79EFBC}") = "Lecture5MultiArrays", "Lecture5MultiArrays\Lecture5MultiArrays.csproj", "{7E4631A2-3580-476E-A956-33AD0F55CE44}"
EndProject
Global
	GlobalSection(SolutionConfigurationPlatforms) = preSolution
		Debug|Any CPU = Debug|Any CPU
		Release|Any CPU = Release|Any CPU
	EndGlobalSection
	GlobalSection(ProjectConfigurationPlatforms) = postSolution
		{09A1FB84-76D2-492A-A10B-879D66CC0F3D}.Debug|Any CPU.ActiveCfg = Debug|Any CPU
		{09A1FB84-76D2-492A-A10B-879D66CC0F3D}.Debug|Any CPU.Build.0 = Debug|Any CPU
		{09A1FB84-76D2-492A-A10B-879D66CC0F3D}.Release|Any CPU.ActiveCfg = Release|Any CPU
		{09A1FB84-76D2-492A-A10B-879D66CC0F3D}.Release|Any CPU.Build.0 = Release|Any CPU
		{7E4631A2-3580-476E-A956-33AD0F55CE44}.Debug|Any CPU.ActiveCfg = Debug|Any CPU
		{7E4631A2-3580-476E-A956-33AD0F55CE44}.Debug|Any CPU.Build.0 = Debug|Any CPU
		{7E4631A2-3580-476E-A956-33AD0F55CE44}.Release|Any CPU.ActiveCfg = Release|Any CPU
		{7E4631A2-3580-476E-A956-33AD0F55CE44}.Release|Any CPU.Build.0 = Release|Any CPU
	EndGlobalSection
	GlobalSection(SolutionProperties) = preSolution
		HideSolutionNode = FALSE
	EndGlobalSection
	GlobalSection(ExtensibilityGlobals) = postSolution
		SolutionGuid = {C81CC62F-6797-4263-82EF-B7C7BF0E472E}
	EndGlobalSection
EndGlobal
